
Microsoft Visual Studio Solution File, Format Version 12.00
# Visual Studio Version 17
VisualStudioVersion = 17.13.35913.81 d17.13
MinimumVisualStudioVersion = 10.0.40219.1
Project("{FAE04EC0-301F-11D3-BF4B-00C04F79EFBC}") = "BillController", "BillController\BillController.csproj", "{A4CB431F-EFAA-4C99-A480-AB074BF4AEAB}"
EndProject
Global
	GlobalSection(SolutionConfigurationPlatforms) = preSolution
		Debug|Any CPU = Debug|Any CPU
		Release|Any CPU = Release|Any CPU
	EndGlobalSection
	GlobalSection(ProjectConfigurationPlatforms) = postSolution
		{A4CB431F-EFAA-4C99-A480-AB074BF4AEAB}.Debug|Any CPU.ActiveCfg = Debug|Any CPU
		{A4CB431F-EFAA-4C99-A480-AB074BF4AEAB}.Debug|Any CPU.Build.0 = Debug|Any CPU
		{A4CB431F-EFAA-4C99-A480-AB074BF4AEAB}.Release|Any CPU.ActiveCfg = Release|Any CPU
		{A4CB431F-EFAA-4C99-A480-AB074BF4AEAB}.Release|Any CPU.Build.0 = Release|Any CPU
	EndGlobalSection
	GlobalSection(SolutionProperties) = preSolution
		HideSolutionNode = FALSE
	EndGlobalSection
	GlobalSection(ExtensibilityGlobals) = postSolution
		SolutionGuid = {A971CF7B-8DCA-4ED7-A487-41C2913948B1}
	EndGlobalSection
EndGlobal
